
Microsoft Visual Studio Solution File, Format Version 12.00
# Visual Studio 15
VisualStudioVersion = 15.0.26228.102
MinimumVisualStudioVersion = 10.0.40219.1
Project("{FAE04EC0-301F-11D3-BF4B-00C04F79EFBC}") = "Mesa3D_T1", "Mesa3D_T1\Mesa3D_T1.csproj", "{C8065D8B-DC0E-4D62-8024-6E7E2F257A3D}"
EndProject
Global
	GlobalSection(SolutionConfigurationPlatforms) = preSolution
		Debug|Any CPU = Debug|Any CPU
		Release|Any CPU = Release|Any CPU
	EndGlobalSection
	GlobalSection(ProjectConfigurationPlatforms) = postSolution
		{C8065D8B-DC0E-4D62-8024-6E7E2F257A3D}.Debug|Any CPU.ActiveCfg = Debug|Any CPU
		{C8065D8B-DC0E-4D62-8024-6E7E2F257A3D}.Debug|Any CPU.Build.0 = Debug|Any CPU
		{C8065D8B-DC0E-4D62-8024-6E7E2F257A3D}.Release|Any CPU.ActiveCfg = Release|Any CPU
		{C8065D8B-DC0E-4D62-8024-6E7E2F257A3D}.Release|Any CPU.Build.0 = Release|Any CPU
	EndGlobalSection
	GlobalSection(SolutionProperties) = preSolution
		HideSolutionNode = FALSE
	EndGlobalSection
EndGlobal
